{
  "name": "files",
  "lockfileVersion": 2,
  "requires": true,
  "packages": {
    "": {
      "dependencies": {
        "bootstrap-table": "^1.21.2"
      }
    },
    "node_modules/bootstrap-table": {
      "version": "1.21.2",
      "resolved": "https://registry.npmjs.org/bootstrap-table/-/bootstrap-table-1.21.2.tgz",
      "integrity": "sha512-VVXiVI19PwR0Taq0N9jOaNCBnxIKsfnlcdaK8/jJBmK23cqor9NhtqH8MJ/UysSEt1sFv+p8yi1DZWHadtVdoQ==",
      "peerDependencies": {
        "jquery": "1.9.1 - 3"
      }
    },
    "node_modules/jquery": {
      "version": "3.6.1",
      "resolved": "https://registry.npmjs.org/jquery/-/jquery-3.6.1.tgz",
      "integrity": "sha512-opJeO4nCucVnsjiXOE+/PcCgYw9Gwpvs/a6B1LL/lQhwWwpbVEVYDZ1FokFr8PRc7ghYlrFPuyHuiiDNTQxmcw==",
      "peer": true
    }
  },
  "dependencies": {
    "bootstrap-table": {
      "version": "1.21.2",
      "resolved": "https://registry.npmjs.org/bootstrap-table/-/bootstrap-table-1.21.2.tgz",
      "integrity": "sha512-VVXiVI19PwR0Taq0N9jOaNCBnxIKsfnlcdaK8/jJBmK23cqor9NhtqH8MJ/UysSEt1sFv+p8yi1DZWHadtVdoQ==",
      "requires": {}
    },
    "jquery": {
      "version": "3.6.1",
      "resolved": "https://registry.npmjs.org/jquery/-/jquery-3.6.1.tgz",
      "integrity": "sha512-opJeO4nCucVnsjiXOE+/PcCgYw9Gwpvs/a6B1LL/lQhwWwpbVEVYDZ1FokFr8PRc7ghYlrFPuyHuiiDNTQxmcw==",
      "peer": true
    }
  }
}
